
Microsoft Visual Studio Solution File, Format Version 12.00
# Visual Studio Version 17
VisualStudioVersion = 17.2.32630.192
MinimumVisualStudioVersion = 10.0.40219.1
Project("{FAE04EC0-301F-11D3-BF4B-00C04F79EFBC}") = "PExercicioHeranca01", "PExercicioHeranca01\PExercicioHeranca01.csproj", "{A13DE11A-12A8-4902-9C73-BB3E8D6EFBC8}"
EndProject
Global
	GlobalSection(SolutionConfigurationPlatforms) = preSolution
		Debug|Any CPU = Debug|Any CPU
		Release|Any CPU = Release|Any CPU
	EndGlobalSection
	GlobalSection(ProjectConfigurationPlatforms) = postSolution
		{A13DE11A-12A8-4902-9C73-BB3E8D6EFBC8}.Debug|Any CPU.ActiveCfg = Debug|Any CPU
		{A13DE11A-12A8-4902-9C73-BB3E8D6EFBC8}.Debug|Any CPU.Build.0 = Debug|Any CPU
		{A13DE11A-12A8-4902-9C73-BB3E8D6EFBC8}.Release|Any CPU.ActiveCfg = Release|Any CPU
		{A13DE11A-12A8-4902-9C73-BB3E8D6EFBC8}.Release|Any CPU.Build.0 = Release|Any CPU
	EndGlobalSection
	GlobalSection(SolutionProperties) = preSolution
		HideSolutionNode = FALSE
	EndGlobalSection
	GlobalSection(ExtensibilityGlobals) = postSolution
		SolutionGuid = {F8202927-23BA-4F43-9255-CAC014731B69}
	EndGlobalSection
EndGlobal
